# This file is automatically @generated by Cargo.
# It is not intended for manual editing.
version = 3

[[package]]
name = "simple-error"
version = "0.2.3"
source = "registry+https://github.com/rust-lang/crates.io-index"
checksum = "cc47a29ce97772ca5c927f75bac34866b16d64e07f330c3248e2d7226623901b"

[[package]]
name = "sound-engine"
version = "0.1.0"
dependencies = [
 "simple-error",
]

[[package]]
name = "vpo-backend"
version = "0.1.0"
